// !$*UTF8*$!
{
	archiveVersion = 1;
	classes = {
	};
	objectVersion = 46;
	objects = {

/* Begin PBXBuildFile section */
		56FE43D21944B1B50076D7D6 /* Foundation.framework in Frameworks */ = {isa = PBXBuildFile; fileRef = 56FE43D11944B1B50076D7D6 /* Foundation.framework */; };
		56FE43D41944B1B50076D7D6 /* CoreGraphics.framework in Frameworks */ = {isa = PBXBuildFile; fileRef = 56FE43D31944B1B50076D7D6 /* CoreGraphics.framework */; };
		56FE43D61944B1B50076D7D6 /* UIKit.framework in Frameworks */ = {isa = PBXBuildFile; fileRef = 56FE43D51944B1B50076D7D6 /* UIKit.framework */; };
		56FE43D81944B1B50076D7D6 /* CoreData.framework in Frameworks */ = {isa = PBXBuildFile; fileRef = 56FE43D71944B1B50076D7D6 /* CoreData.framework */; };
		56FE43DE1944B1B50076D7D6 /* InfoPlist.strings in Resources */ = {isa = PBXBuildFile; fileRef = 56FE43DC1944B1B50076D7D6 /* InfoPlist.strings */; };
		56FE43E01944B1B50076D7D6 /* main.m in Sources */ = {isa = PBXBuildFile; fileRef = 56FE43DF1944B1B50076D7D6 /* main.m */; };
		56FE43E41944B1B50076D7D6 /* BNRAppDelegate.m in Sources */ = {isa = PBXBuildFile; fileRef = 56FE43E31944B1B50076D7D6 /* BNRAppDelegate.m */; };
		56FE43E71944B1B50076D7D6 /* Quiz.xcdatamodeld in Sources */ = {isa = PBXBuildFile; fileRef = 56FE43E51944B1B50076D7D6 /* Quiz.xcdatamodeld */; };
		56FE43E91944B1B50076D7D6 /* Images.xcassets in Resources */ = {isa = PBXBuildFile; fileRef = 56FE43E81944B1B50076D7D6 /* Images.xcassets */; };
		56FE43F01944B1B50076D7D6 /* XCTest.framework in Frameworks */ = {isa = PBXBuildFile; fileRef = 56FE43EF1944B1B50076D7D6 /* XCTest.framework */; };
		56FE43F11944B1B50076D7D6 /* Foundation.framework in Frameworks */ = {isa = PBXBuildFile; fileRef = 56FE43D11944B1B50076D7D6 /* Foundation.framework */; };
		56FE43F21944B1B50076D7D6 /* UIKit.framework in Frameworks */ = {isa = PBXBuildFile; fileRef = 56FE43D51944B1B50076D7D6 /* UIKit.framework */; };
		56FE43F31944B1B50076D7D6 /* CoreData.framework in Frameworks */ = {isa = PBXBuildFile; fileRef = 56FE43D71944B1B50076D7D6 /* CoreData.framework */; };
		56FE43FB1944B1B50076D7D6 /* InfoPlist.strings in Resources */ = {isa = PBXBuildFile; fileRef = 56FE43F91944B1B50076D7D6 /* InfoPlist.strings */; };
		56FE43FD1944B1B50076D7D6 /* QuizTests.m in Sources */ = {isa = PBXBuildFile; fileRef = 56FE43FC1944B1B50076D7D6 /* QuizTests.m */; };
		56FE44091944B43C0076D7D6 /* BNRQuizViewController.m in Sources */ = {isa = PBXBuildFile; fileRef = 56FE44071944B43C0076D7D6 /* BNRQuizViewController.m */; };
		56FE440A1944B43C0076D7D6 /* BNRQuizViewController.xib in Resources */ = {isa = PBXBuildFile; fileRef = 56FE44081944B43C0076D7D6 /* BNRQuizViewController.xib */; };
/* End PBXBuildFile section */

/* Begin PBXContainerItemProxy section */
		56FE43F41944B1B50076D7D6 /* PBXContainerItemProxy */ = {
			isa = PBXContainerItemProxy;
			containerPortal = 56FE43C61944B1B50076D7D6 /* Project object */;
			proxyType = 1;
			remoteGlobalIDString = 56FE43CD1944B1B50076D7D6;
			remoteInfo = Quiz;
		};
/* End PBXContainerItemProxy section */

/* Begin PBXFileReference section */
		56FE43CE1944B1B50076D7D6 /* Quiz.app */ = {isa = PBXFileReference; explicitFileType = wrapper.application; includeInIndex = 0; path = Quiz.app; sourceTree = BUILT_PRODUCTS_DIR; };
		56FE43D11944B1B50076D7D6 /* Foundation.framework */ = {isa = PBXFileReference; lastKnownFileType = wrapper.framework; name = Foundation.framework; path = System/Library/Frameworks/Foundation.framework; sourceTree = SDKROOT; };
		56FE43D31944B1B50076D7D6 /* CoreGraphics.framework */ = {isa = PBXFileReference; lastKnownFileType = wrapper.framework; name = CoreGraphics.framework; path = System/Library/Frameworks/CoreGraphics.framework; sourceTree = SDKROOT; };
		56FE43D51944B1B50076D7D6 /* UIKit.framework */ = {isa = PBXFileReference; lastKnownFileType = wrapper.framework; name = UIKit.framework; path = System/Library/Frameworks/UIKit.framework; sourceTree = SDKROOT; };
		56FE43D71944B1B50076D7D6 /* CoreData.framework */ = {isa = PBXFileReference; lastKnownFileType = wrapper.framework; name = CoreData.framework; path = System/Library/Frameworks/CoreData.framework; sourceTree = SDKROOT; };
		56FE43DB1944B1B50076D7D6 /* Quiz-Info.plist */ = {isa = PBXFileReference; lastKnownFileType = text.plist.xml; path = "Quiz-Info.plist"; sourceTree = "<group>"; };
		56FE43DD1944B1B50076D7D6 /* en */ = {isa = PBXFileReference; lastKnownFileType = text.plist.strings; name = en; path = en.lproj/InfoPlist.strings; sourceTree = "<group>"; };
		56FE43DF1944B1B50076D7D6 /* main.m */ = {isa = PBXFileReference; lastKnownFileType = sourcecode.c.objc; path = main.m; sourceTree = "<group>"; };
		56FE43E11944B1B50076D7D6 /* Quiz-Prefix.pch */ = {isa = PBXFileReference; lastKnownFileType = sourcecode.c.h; path = "Quiz-Prefix.pch"; sourceTree = "<group>"; };
		56FE43E21944B1B50076D7D6 /* BNRAppDelegate.h */ = {isa = PBXFileReference; lastKnownFileType = sourcecode.c.h; path = BNRAppDelegate.h; sourceTree = "<group>"; };
		56FE43E31944B1B50076D7D6 /* BNRAppDelegate.m */ = {isa = PBXFileReference; lastKnownFileType = sourcecode.c.objc; path = BNRAppDelegate.m; sourceTree = "<group>"; };
		56FE43E61944B1B50076D7D6 /* Quiz.xcdatamodel */ = {isa = PBXFileReference; lastKnownFileType = wrapper.xcdatamodel; path = Quiz.xcdatamodel; sourceTree = "<group>"; };
		56FE43E81944B1B50076D7D6 /* Images.xcassets */ = {isa = PBXFileReference; lastKnownFileType = folder.assetcatalog; path = Images.xcassets; sourceTree = "<group>"; };
		56FE43EE1944B1B50076D7D6 /* QuizTests.xctest */ = {isa = PBXFileReference; explicitFileType = wrapper.cfbundle; includeInIndex = 0; path = QuizTests.xctest; sourceTree = BUILT_PRODUCTS_DIR; };
		56FE43EF1944B1B50076D7D6 /* XCTest.framework */ = {isa = PBXFileReference; lastKnownFileType = wrapper.framework; name = XCTest.framework; path = Library/Frameworks/XCTest.framework; sourceTree = DEVELOPER_DIR; };
		56FE43F81944B1B50076D7D6 /* QuizTests-Info.plist */ = {isa = PBXFileReference; lastKnownFileType = text.plist.xml; path = "QuizTests-Info.plist"; sourceTree = "<group>"; };
		56FE43FA1944B1B50076D7D6 /* en */ = {isa = PBXFileReference; lastKnownFileType = text.plist.strings; name = en; path = en.lproj/InfoPlist.strings; sourceTree = "<group>"; };
		56FE43FC1944B1B50076D7D6 /* QuizTests.m */ = {isa = PBXFileReference; lastKnownFileType = sourcecode.c.objc; path = QuizTests.m; sourceTree = "<group>"; };
		56FE44061944B43C0076D7D6 /* BNRQuizViewController.h */ = {isa = PBXFileReference; fileEncoding = 4; lastKnownFileType = sourcecode.c.h; name = BNRQuizViewController.h; path = ../BNRQuizViewController.h; sourceTree = "<group>"; };
		56FE44071944B43C0076D7D6 /* BNRQuizViewController.m */ = {isa = PBXFileReference; fileEncoding = 4; lastKnownFileType = sourcecode.c.objc; name = BNRQuizViewController.m; path = ../BNRQuizViewController.m; sourceTree = "<group>"; };
		56FE44081944B43C0076D7D6 /* BNRQuizViewController.xib */ = {isa = PBXFileReference; fileEncoding = 4; lastKnownFileType = file.xib; name = BNRQuizViewController.xib; path = ../BNRQuizViewController.xib; sourceTree = "<group>"; };
/* End PBXFileReference section */

/* Begin PBXFrameworksBuildPhase section */
		56FE43CB1944B1B50076D7D6 /* Frameworks */ = {
			isa = PBXFrameworksBuildPhase;
			buildActionMask = 2147483647;
			files = (
				56FE43D41944B1B50076D7D6 /* CoreGraphics.framework in Frameworks */,
				56FE43D81944B1B50076D7D6 /* CoreData.framework in Frameworks */,
				56FE43D61944B1B50076D7D6 /* UIKit.framework in Frameworks */,
				56FE43D21944B1B50076D7D6 /* Foundation.framework in Frameworks */,
			);
			runOnlyForDeploymentPostprocessing = 0;
		};
		56FE43EB1944B1B50076D7D6 /* Frameworks */ = {
			isa = PBXFrameworksBuildPhase;
			buildActionMask = 2147483647;
			files = (
				56FE43F01944B1B50076D7D6 /* XCTest.framework in Frameworks */,
				56FE43F31944B1B50076D7D6 /* CoreData.framework in Frameworks */,
				56FE43F21944B1B50076D7D6 /* UIKit.framework in Frameworks */,
				56FE43F11944B1B50076D7D6 /* Foundation.framework in Frameworks */,
			);
			runOnlyForDeploymentPostprocessing = 0;
		};
/* End PBXFrameworksBuildPhase section */

/* Begin PBXGroup section */
		56FE43C51944B1B40076D7D6 = {
			isa = PBXGroup;
			children = (
				56FE43D91944B1B50076D7D6 /* Quiz */,
				56FE43F61944B1B50076D7D6 /* QuizTests */,
				56FE43D01944B1B50076D7D6 /* Frameworks */,
				56FE43CF1944B1B50076D7D6 /* Products */,
			);
			sourceTree = "<group>";
		};
		56FE43CF1944B1B50076D7D6 /* Products */ = {
			isa = PBXGroup;
			children = (
				56FE43CE1944B1B50076D7D6 /* Quiz.app */,
				56FE43EE1944B1B50076D7D6 /* QuizTests.xctest */,
			);
			name = Products;
			sourceTree = "<group>";
		};
		56FE43D01944B1B50076D7D6 /* Frameworks */ = {
			isa = PBXGroup;
			children = (
				56FE43D11944B1B50076D7D6 /* Foundation.framework */,
				56FE43D31944B1B50076D7D6 /* CoreGraphics.framework */,
				56FE43D51944B1B50076D7D6 /* UIKit.framework */,
				56FE43D71944B1B50076D7D6 /* CoreData.framework */,
				56FE43EF1944B1B50076D7D6 /* XCTest.framework */,
			);
			name = Frameworks;
			sourceTree = "<group>";
		};
		56FE43D91944B1B50076D7D6 /* Quiz */ = {
			isa = PBXGroup;
			children = (
				56FE44061944B43C0076D7D6 /* BNRQuizViewController.h */,
				56FE44071944B43C0076D7D6 /* BNRQuizViewController.m */,
				56FE44081944B43C0076D7D6 /* BNRQuizViewController.xib */,
				56FE43E21944B1B50076D7D6 /* BNRAppDelegate.h */,
				56FE43E31944B1B50076D7D6 /* BNRAppDelegate.m */,
				56FE43E81944B1B50076D7D6 /* Images.xcassets */,
				56FE43E51944B1B50076D7D6 /* Quiz.xcdatamodeld */,
				56FE43DA1944B1B50076D7D6 /* Supporting Files */,
			);
			path = Quiz;
			sourceTree = "<group>";
		};
		56FE43DA1944B1B50076D7D6 /* Supporting Files */ = {
			isa = PBXGroup;
			children = (
				56FE43DB1944B1B50076D7D6 /* Quiz-Info.plist */,
				56FE43DC1944B1B50076D7D6 /* InfoPlist.strings */,
				56FE43DF1944B1B50076D7D6 /* main.m */,
				56FE43E11944B1B50076D7D6 /* Quiz-Prefix.pch */,
			);
			name = "Supporting Files";
			sourceTree = "<group>";
		};
		56FE43F61944B1B50076D7D6 /* QuizTests */ = {
			isa = PBXGroup;
			children = (
				56FE43FC1944B1B50076D7D6 /* QuizTests.m */,
				56FE43F71944B1B50076D7D6 /* Supporting Files */,
			);
			path = QuizTests;
			sourceTree = "<group>";
		};
		56FE43F71944B1B50076D7D6 /* Supporting Files */ = {
			isa = PBXGroup;
			children = (
				56FE43F81944B1B50076D7D6 /* QuizTests-Info.plist */,
				56FE43F91944B1B50076D7D6 /* InfoPlist.strings */,
			);
			name = "Supporting Files";
			sourceTree = "<group>";
		};
/* End PBXGroup section */

/* Begin PBXNativeTarget section */
		56FE43CD1944B1B50076D7D6 /* Quiz */ = {
			isa = PBXNativeTarget;
			buildConfigurationList = 56FE44001944B1B50076D7D6 /* Build configuration list for PBXNativeTarget "Quiz" */;
			buildPhases = (
				56FE43CA1944B1B50076D7D6 /* Sources */,
				56FE43CB1944B1B50076D7D6 /* Frameworks */,
				56FE43CC1944B1B50076D7D6 /* Resources */,
			);
			buildRules = (
			);
			dependencies = (
			);
			name = Quiz;
			productName = Quiz;
			productReference = 56FE43CE1944B1B50076D7D6 /* Quiz.app */;
			productType = "com.apple.product-type.application";
		};
		56FE43ED1944B1B50076D7D6 /* QuizTests */ = {
			isa = PBXNativeTarget;
			buildConfigurationList = 56FE44031944B1B50076D7D6 /* Build configuration list for PBXNativeTarget "QuizTests" */;
			buildPhases = (
				56FE43EA1944B1B50076D7D6 /* Sources */,
				56FE43EB1944B1B50076D7D6 /* Frameworks */,
				56FE43EC1944B1B50076D7D6 /* Resources */,
			);
			buildRules = (
			);
			dependencies = (
				56FE43F51944B1B50076D7D6 /* PBXTargetDependency */,
			);
			name = QuizTests;
			productName = QuizTests;
			productReference = 56FE43EE1944B1B50076D7D6 /* QuizTests.xctest */;
			productType = "com.apple.product-type.bundle.unit-test";
		};
/* End PBXNativeTarget section */

/* Begin PBXProject section */
		56FE43C61944B1B50076D7D6 /* Project object */ = {
			isa = PBXProject;
			attributes = {
				CLASSPREFIX = BNR;
				LastUpgradeCheck = 0510;
				ORGANIZATIONNAME = "___JEFFRYAN___";
				TargetAttributes = {
					56FE43ED1944B1B50076D7D6 = {
						TestTargetID = 56FE43CD1944B1B50076D7D6;
					};
				};
			};
			buildConfigurationList = 56FE43C91944B1B50076D7D6 /* Build configuration list for PBXProject "Quiz" */;
			compatibilityVersion = "Xcode 3.2";
			developmentRegion = English;
			hasScannedForEncodings = 0;
			knownRegions = (
				en,
			);
			mainGroup = 56FE43C51944B1B40076D7D6;
			productRefGroup = 56FE43CF1944B1B50076D7D6 /* Products */;
			projectDirPath = "";
			projectRoot = "";
			targets = (
				56FE43CD1944B1B50076D7D6 /* Quiz */,
				56FE43ED1944B1B50076D7D6 /* QuizTests */,
			);
		};
/* End PBXProject section */

/* Begin PBXResourcesBuildPhase section */
		56FE43CC1944B1B50076D7D6 /* Resources */ = {
			isa = PBXResourcesBuildPhase;
			buildActionMask = 2147483647;
			files = (
				56FE43DE1944B1B50076D7D6 /* InfoPlist.strings in Resources */,
				56FE440A1944B43C0076D7D6 /* BNRQuizViewController.xib in Resources */,
				56FE43E91944B1B50076D7D6 /* Images.xcassets in Resources */,
			);
			runOnlyForDeploymentPostprocessing = 0;
		};
		56FE43EC1944B1B50076D7D6 /* Resources */ = {
			isa = PBXResourcesBuildPhase;
			buildActionMask = 2147483647;
			files = (
				56FE43FB1944B1B50076D7D6 /* InfoPlist.strings in Resources */,
			);
			runOnlyForDeploymentPostprocessing = 0;
		};
/* End PBXResourcesBuildPhase section */

/* Begin PBXSourcesBuildPhase section */
		56FE43CA1944B1B50076D7D6 /* Sources */ = {
			isa = PBXSourcesBuildPhase;
			buildActionMask = 2147483647;
			files = (
				56FE44091944B43C0076D7D6 /* BNRQuizViewController.m in Sources */,
				56FE43E01944B1B50076D7D6 /* main.m in Sources */,
				56FE43E71944B1B50076D7D6 /* Quiz.xcdatamodeld in Sources */,
				56FE43E41944B1B50076D7D6 /* BNRAppDelegate.m in Sources */,
			);
			runOnlyForDeploymentPostprocessing = 0;
		};
		56FE43EA1944B1B50076D7D6 /* Sources */ = {
			isa = PBXSourcesBuildPhase;
			buildActionMask = 2147483647;
			files = (
				56FE43FD1944B1B50076D7D6 /* QuizTests.m in Sources */,
			);
			runOnlyForDeploymentPostprocessing = 0;
		};
/* End PBXSourcesBuildPhase section */

/* Begin PBXTargetDependency section */
		56FE43F51944B1B50076D7D6 /* PBXTargetDependency */ = {
			isa = PBXTargetDependency;
			target = 56FE43CD1944B1B50076D7D6 /* Quiz */;
			targetProxy = 56FE43F41944B1B50076D7D6 /* PBXContainerItemProxy */;
		};
/* End PBXTargetDependency section */

/* Begin PBXVariantGroup section */
		56FE43DC1944B1B50076D7D6 /* InfoPlist.strings */ = {
			isa = PBXVariantGroup;
			children = (
				56FE43DD1944B1B50076D7D6 /* en */,
			);
			name = InfoPlist.strings;
			sourceTree = "<group>";
		};
		56FE43F91944B1B50076D7D6 /* InfoPlist.strings */ = {
			isa = PBXVariantGroup;
			children = (
				56FE43FA1944B1B50076D7D6 /* en */,
			);
			name = InfoPlist.strings;
			sourceTree = "<group>";
		};
/* End PBXVariantGroup section */

/* Begin XCBuildConfiguration section */
		56FE43FE1944B1B50076D7D6 /* Debug */ = {
			isa = XCBuildConfiguration;
			buildSettings = {
				ALWAYS_SEARCH_USER_PATHS = NO;
				CLANG_CXX_LANGUAGE_STANDARD = "gnu++0x";
				CLANG_CXX_LIBRARY = "libc++";
				CLANG_ENABLE_MODULES = YES;
				CLANG_ENABLE_OBJC_ARC = YES;
				CLANG_WARN_BOOL_CONVERSION = YES;
				CLANG_WARN_CONSTANT_CONVERSION = YES;
				CLANG_WARN_DIRECT_OBJC_ISA_USAGE = YES_ERROR;
				CLANG_WARN_EMPTY_BODY = YES;
				CLANG_WARN_ENUM_CONVERSION = YES;
				CLANG_WARN_INT_CONVERSION = YES;
				CLANG_WARN_OBJC_ROOT_CLASS = YES_ERROR;
				CLANG_WARN__DUPLICATE_METHOD_MATCH = YES;
				"CODE_SIGN_IDENTITY[sdk=iphoneos*]" = "iPhone Developer";
				COPY_PHASE_STRIP = NO;
				GCC_C_LANGUAGE_STANDARD = gnu99;
				GCC_DYNAMIC_NO_PIC = NO;
				GCC_OPTIMIZATION_LEVEL = 0;
				GCC_PREPROCESSOR_DEFINITIONS = (
					"DEBUG=1",
					"$(inherited)",
				);
				GCC_SYMBOLS_PRIVATE_EXTERN = NO;
				GCC_WARN_64_TO_32_BIT_CONVERSION = YES;
				GCC_WARN_ABOUT_RETURN_TYPE = YES_ERROR;
				GCC_WARN_UNDECLARED_SELECTOR = YES;
				GCC_WARN_UNINITIALIZED_AUTOS = YES_AGGRESSIVE;
				GCC_WARN_UNUSED_FUNCTION = YES;
				GCC_WARN_UNUSED_VARIABLE = YES;
				IPHONEOS_DEPLOYMENT_TARGET = 7.1;
				ONLY_ACTIVE_ARCH = YES;
				SDKROOT = iphoneos;
			};
			name = Debug;
		};
		56FE43FF1944B1B50076D7D6 /* Release */ = {
			isa = XCBuildConfiguration;
			buildSettings = {
				ALWAYS_SEARCH_USER_PATHS = NO;
				CLANG_CXX_LANGUAGE_STANDARD = "gnu++0x";
				CLANG_CXX_LIBRARY = "libc++";
				CLANG_ENABLE_MODULES = YES;
				CLANG_ENABLE_OBJC_ARC = YES;
				CLANG_WARN_BOOL_CONVERSION = YES;
				CLANG_WARN_CONSTANT_CONVERSION = YES;
				CLANG_WARN_DIRECT_OBJC_ISA_USAGE = YES_ERROR;
				CLANG_WARN_EMPTY_BODY = YES;
				CLANG_WARN_ENUM_CONVERSION = YES;
				CLANG_WARN_INT_CONVERSION = YES;
				CLANG_WARN_OBJC_ROOT_CLASS = YES_ERROR;
				CLANG_WARN__DUPLICATE_METHOD_MATCH = YES;
				"CODE_SIGN_IDENTITY[sdk=iphoneos*]" = "iPhone Developer";
				COPY_PHASE_STRIP = YES;
				ENABLE_NS_ASSERTIONS = NO;
				GCC_C_LANGUAGE_STANDARD = gnu99;
				GCC_WARN_64_TO_32_BIT_CONVERSION = YES;
				GCC_WARN_ABOUT_RETURN_TYPE = YES_ERROR;
				GCC_WARN_UNDECLARED_SELECTOR = YES;
				GCC_WARN_UNINITIALIZED_AUTOS = YES_AGGRESSIVE;
				GCC_WARN_UNUSED_FUNCTION = YES;
				GCC_WARN_UNUSED_VARIABLE = YES;
				IPHONEOS_DEPLOYMENT_TARGET = 7.1;
				SDKROOT = iphoneos;
				VALIDATE_PRODUCT = YES;
			};
			name = Release;
		};
		56FE44011944B1B50076D7D6 /* Debug */ = {
			isa = XCBuildConfiguration;
			buildSettings = {
				ASSETCATALOG_COMPILER_APPICON_NAME = AppIcon;
				ASSETCATALOG_COMPILER_LAUNCHIMAGE_NAME = LaunchImage;
				GCC_PRECOMPILE_PREFIX_HEADER = YES;
				GCC_PREFIX_HEADER = "Quiz/Quiz-Prefix.pch";
				INFOPLIST_FILE = "Quiz/Quiz-Info.plist";
				PRODUCT_NAME = "$(TARGET_NAME)";
				WRAPPER_EXTENSION = app;
			};
			name = Debug;
		};
		56FE44021944B1B50076D7D6 /* Release */ = {
			isa = XCBuildConfiguration;
			buildSettings = {
				ASSETCATALOG_COMPILER_APPICON_NAME = AppIcon;
				ASSETCATALOG_COMPILER_LAUNCHIMAGE_NAME = LaunchImage;
				GCC_PRECOMPILE_PREFIX_HEADER = YES;
				GCC_PREFIX_HEADER = "Quiz/Quiz-Prefix.pch";
				INFOPLIST_FILE = "Quiz/Quiz-Info.plist";
				PRODUCT_NAME = "$(TARGET_NAME)";
				WRAPPER_EXTENSION = app;
			};
			name = Release;
		};
		56FE44041944B1B50076D7D6 /* Debug */ = {
			isa = XCBuildConfiguration;
			buildSettings = {
				BUNDLE_LOADER = "$(BUILT_PRODUCTS_DIR)/Quiz.app/Quiz";
				FRAMEWORK_SEARCH_PATHS = (
					"$(SDKROOT)/Developer/Library/Frameworks",
					"$(inherited)",
					"$(DEVELOPER_FRAMEWORKS_DIR)",
				);
				GCC_PRECOMPILE_PREFIX_HEADER = YES;
				GCC_PREFIX_HEADER = "Quiz/Quiz-Prefix.pch";
				GCC_PREPROCESSOR_DEFINITIONS = (
					"DEBUG=1",
					"$(inherited)",
				);
				INFOPLIST_FILE = "QuizTests/QuizTests-Info.plist";
				PRODUCT_NAME = "$(TARGET_NAME)";
				TEST_HOST = "$(BUNDLE_LOADER)";
				WRAPPER_EXTENSION = xctest;
			};
			name = Debug;
		};
		56FE44051944B1B50076D7D6 /* Release */ = {
			isa = XCBuildConfiguration;
			buildSettings = {
				BUNDLE_LOADER = "$(BUILT_PRODUCTS_DIR)/Quiz.app/Quiz";
				FRAMEWORK_SEARCH_PATHS = (
					"$(SDKROOT)/Developer/Library/Frameworks",
					"$(inherited)",
					"$(DEVELOPER_FRAMEWORKS_DIR)",
				);
				GCC_PRECOMPILE_PREFIX_HEADER = YES;
				GCC_PREFIX_HEADER = "Quiz/Quiz-Prefix.pch";
				INFOPLIST_FILE = "QuizTests/QuizTests-Info.plist";
				PRODUCT_NAME = "$(TARGET_NAME)";
				TEST_HOST = "$(BUNDLE_LOADER)";
				WRAPPER_EXTENSION = xctest;
			};
			name = Release;
		};
/* End XCBuildConfiguration section */

/* Begin XCConfigurationList section */
		56FE43C91944B1B50076D7D6 /* Build configuration list for PBXProject "Quiz" */ = {
			isa = XCConfigurationList;
			buildConfigurations = (
				56FE43FE1944B1B50076D7D6 /* Debug */,
				56FE43FF1944B1B50076D7D6 /* Release */,
			);
			defaultConfigurationIsVisible = 0;
			defaultConfigurationName = Release;
		};
		56FE44001944B1B50076D7D6 /* Build configuration list for PBXNativeTarget "Quiz" */ = {
			isa = XCConfigurationList;
			buildConfigurations = (
				56FE44011944B1B50076D7D6 /* Debug */,
				56FE44021944B1B50076D7D6 /* Release */,
			);
			defaultConfigurationIsVisible = 0;
		};
		56FE44031944B1B50076D7D6 /* Build configuration list for PBXNativeTarget "QuizTests" */ = {
			isa = XCConfigurationList;
			buildConfigurations = (
				56FE44041944B1B50076D7D6 /* Debug */,
				56FE44051944B1B50076D7D6 /* Release */,
			);
			defaultConfigurationIsVisible = 0;
		};
/* End XCConfigurationList section */

/* Begin XCVersionGroup section */
		56FE43E51944B1B50076D7D6 /* Quiz.xcdatamodeld */ = {
			isa = XCVersionGroup;
			children = (
				56FE43E61944B1B50076D7D6 /* Quiz.xcdatamodel */,
			);
			currentVersion = 56FE43E61944B1B50076D7D6 /* Quiz.xcdatamodel */;
			path = Quiz.xcdatamodeld;
			sourceTree = "<group>";
			versionGroupType = wrapper.xcdatamodel;
		};
/* End XCVersionGroup section */
	};
	rootObject = 56FE43C61944B1B50076D7D6 /* Project object */;
}
